<Solution>
  <Folder Name="/aspire/">
    <Project Path="aspire/AppHost.AuthCheck/AppHost.AuthCheck.csproj" />
  </Folder>
  <Folder Name="/src/">
    <Project Path="src/CoreMS.AuthCheck.Domain/CoreMS.AuthCheck.Domain.csproj" />
    <Project Path="src/CoreMS.AuthCheck.ServiceDefaults/CoreMS.AuthCheck.ServiceDefaults.csproj" />
    <Project Path="src/CoreMS.AuthCheck/CoreMS.AuthCheck.csproj" />
  </Folder>
  <Folder Name="/test/" />
  <Folder Name="/_Solution Items/">
    <File Path=".dockerignore" />
    <File Path=".gitignore" />
    <File Path="build.ps1" />
    <File Path="helm-install.ps1" />
    <File Path="helm-uninstall.ps1" />
    <File Path="README.md" />
  </Folder>
</Solution>
